// !$*UTF8*$!
{
	archiveVersion = 1;
	classes = {
	};
	objectVersion = 56;
	objects = {

/* Begin PBXBuildFile section */
		3134C8AA2BA92EAB0001F4A0 /* iOS_Weather_CloneApp.swift in Sources */ = {isa = PBXBuildFile; fileRef = 3134C8A92BA92EAB0001F4A0 /* iOS_Weather_CloneApp.swift */; };
		3134C8AC2BA92EAB0001F4A0 /* ContentView.swift in Sources */ = {isa = PBXBuildFile; fileRef = 3134C8AB2BA92EAB0001F4A0 /* ContentView.swift */; };
		3134C8AE2BA92EAC0001F4A0 /* Assets.xcassets in Resources */ = {isa = PBXBuildFile; fileRef = 3134C8AD2BA92EAC0001F4A0 /* Assets.xcassets */; };
		3134C8B12BA92EAC0001F4A0 /* Preview Assets.xcassets in Resources */ = {isa = PBXBuildFile; fileRef = 3134C8B02BA92EAC0001F4A0 /* Preview Assets.xcassets */; };
		3134C8BB2BA92EAC0001F4A0 /* iOS_Weather_CloneTests.swift in Sources */ = {isa = PBXBuildFile; fileRef = 3134C8BA2BA92EAC0001F4A0 /* iOS_Weather_CloneTests.swift */; };
		3134C8C52BA92EAC0001F4A0 /* iOS_Weather_CloneUITests.swift in Sources */ = {isa = PBXBuildFile; fileRef = 3134C8C42BA92EAC0001F4A0 /* iOS_Weather_CloneUITests.swift */; };
		3134C8C72BA92EAC0001F4A0 /* iOS_Weather_CloneUITestsLaunchTests.swift in Sources */ = {isa = PBXBuildFile; fileRef = 3134C8C62BA92EAC0001F4A0 /* iOS_Weather_CloneUITestsLaunchTests.swift */; };
/* End PBXBuildFile section */

/* Begin PBXContainerItemProxy section */
		3134C8B72BA92EAC0001F4A0 /* PBXContainerItemProxy */ = {
			isa = PBXContainerItemProxy;
			containerPortal = 3134C89E2BA92EAB0001F4A0 /* Project object */;
			proxyType = 1;
			remoteGlobalIDString = 3134C8A52BA92EAB0001F4A0;
			remoteInfo = "iOS-Weather-Clone";
		};
		3134C8C12BA92EAC0001F4A0 /* PBXContainerItemProxy */ = {
			isa = PBXContainerItemProxy;
			containerPortal = 3134C89E2BA92EAB0001F4A0 /* Project object */;
			proxyType = 1;
			remoteGlobalIDString = 3134C8A52BA92EAB0001F4A0;
			remoteInfo = "iOS-Weather-Clone";
		};
/* End PBXContainerItemProxy section */

/* Begin PBXFileReference section */
		3134C8A62BA92EAB0001F4A0 /* iOS-Weather-Clone.app */ = {isa = PBXFileReference; explicitFileType = wrapper.application; includeInIndex = 0; path = "iOS-Weather-Clone.app"; sourceTree = BUILT_PRODUCTS_DIR; };
		3134C8A92BA92EAB0001F4A0 /* iOS_Weather_CloneApp.swift */ = {isa = PBXFileReference; lastKnownFileType = sourcecode.swift; path = iOS_Weather_CloneApp.swift; sourceTree = "<group>"; };
		3134C8AB2BA92EAB0001F4A0 /* ContentView.swift */ = {isa = PBXFileReference; lastKnownFileType = sourcecode.swift; path = ContentView.swift; sourceTree = "<group>"; };
		3134C8AD2BA92EAC0001F4A0 /* Assets.xcassets */ = {isa = PBXFileReference; lastKnownFileType = folder.assetcatalog; path = Assets.xcassets; sourceTree = "<group>"; };
		3134C8B02BA92EAC0001F4A0 /* Preview Assets.xcassets */ = {isa = PBXFileReference; lastKnownFileType = folder.assetcatalog; path = "Preview Assets.xcassets"; sourceTree = "<group>"; };
		3134C8B62BA92EAC0001F4A0 /* iOS-Weather-CloneTests.xctest */ = {isa = PBXFileReference; explicitFileType = wrapper.cfbundle; includeInIndex = 0; path = "iOS-Weather-CloneTests.xctest"; sourceTree = BUILT_PRODUCTS_DIR; };
		3134C8BA2BA92EAC0001F4A0 /* iOS_Weather_CloneTests.swift */ = {isa = PBXFileReference; lastKnownFileType = sourcecode.swift; path = iOS_Weather_CloneTests.swift; sourceTree = "<group>"; };
		3134C8C02BA92EAC0001F4A0 /* iOS-Weather-CloneUITests.xctest */ = {isa = PBXFileReference; explicitFileType = wrapper.cfbundle; includeInIndex = 0; path = "iOS-Weather-CloneUITests.xctest"; sourceTree = BUILT_PRODUCTS_DIR; };
		3134C8C42BA92EAC0001F4A0 /* iOS_Weather_CloneUITests.swift */ = {isa = PBXFileReference; lastKnownFileType = sourcecode.swift; path = iOS_Weather_CloneUITests.swift; sourceTree = "<group>"; };
		3134C8C62BA92EAC0001F4A0 /* iOS_Weather_CloneUITestsLaunchTests.swift */ = {isa = PBXFileReference; lastKnownFileType = sourcecode.swift; path = iOS_Weather_CloneUITestsLaunchTests.swift; sourceTree = "<group>"; };
/* End PBXFileReference section */

/* Begin PBXFrameworksBuildPhase section */
		3134C8A32BA92EAB0001F4A0 /* Frameworks */ = {
			isa = PBXFrameworksBuildPhase;
			buildActionMask = 2147483647;
			files = (
			);
			runOnlyForDeploymentPostprocessing = 0;
		};
		3134C8B32BA92EAC0001F4A0 /* Frameworks */ = {
			isa = PBXFrameworksBuildPhase;
			buildActionMask = 2147483647;
			files = (
			);
			runOnlyForDeploymentPostprocessing = 0;
		};
		3134C8BD2BA92EAC0001F4A0 /* Frameworks */ = {
			isa = PBXFrameworksBuildPhase;
			buildActionMask = 2147483647;
			files = (
			);
			runOnlyForDeploymentPostprocessing = 0;
		};
/* End PBXFrameworksBuildPhase section */

/* Begin PBXGroup section */
		3134C89D2BA92EAB0001F4A0 = {
			isa = PBXGroup;
			children = (
				3134C8A82BA92EAB0001F4A0 /* iOS-Weather-Clone */,
				3134C8B92BA92EAC0001F4A0 /* iOS-Weather-CloneTests */,
				3134C8C32BA92EAC0001F4A0 /* iOS-Weather-CloneUITests */,
				3134C8A72BA92EAB0001F4A0 /* Products */,
			);
			sourceTree = "<group>";
		};
		3134C8A72BA92EAB0001F4A0 /* Products */ = {
			isa = PBXGroup;
			children = (
				3134C8A62BA92EAB0001F4A0 /* iOS-Weather-Clone.app */,
				3134C8B62BA92EAC0001F4A0 /* iOS-Weather-CloneTests.xctest */,
				3134C8C02BA92EAC0001F4A0 /* iOS-Weather-CloneUITests.xctest */,
			);
			name = Products;
			sourceTree = "<group>";
		};
		3134C8A82BA92EAB0001F4A0 /* iOS-Weather-Clone */ = {
			isa = PBXGroup;
			children = (
				3134C8A92BA92EAB0001F4A0 /* iOS_Weather_CloneApp.swift */,
				3134C8AB2BA92EAB0001F4A0 /* ContentView.swift */,
				3134C8AD2BA92EAC0001F4A0 /* Assets.xcassets */,
				3134C8AF2BA92EAC0001F4A0 /* Preview Content */,
			);
			path = "iOS-Weather-Clone";
			sourceTree = "<group>";
		};
		3134C8AF2BA92EAC0001F4A0 /* Preview Content */ = {
			isa = PBXGroup;
			children = (
				3134C8B02BA92EAC0001F4A0 /* Preview Assets.xcassets */,
			);
			path = "Preview Content";
			sourceTree = "<group>";
		};
		3134C8B92BA92EAC0001F4A0 /* iOS-Weather-CloneTests */ = {
			isa = PBXGroup;
			children = (
				3134C8BA2BA92EAC0001F4A0 /* iOS_Weather_CloneTests.swift */,
			);
			path = "iOS-Weather-CloneTests";
			sourceTree = "<group>";
		};
		3134C8C32BA92EAC0001F4A0 /* iOS-Weather-CloneUITests */ = {
			isa = PBXGroup;
			children = (
				3134C8C42BA92EAC0001F4A0 /* iOS_Weather_CloneUITests.swift */,
				3134C8C62BA92EAC0001F4A0 /* iOS_Weather_CloneUITestsLaunchTests.swift */,
			);
			path = "iOS-Weather-CloneUITests";
			sourceTree = "<group>";
		};
/* End PBXGroup section */

/* Begin PBXNativeTarget section */
		3134C8A52BA92EAB0001F4A0 /* iOS-Weather-Clone */ = {
			isa = PBXNativeTarget;
			buildConfigurationList = 3134C8CA2BA92EAC0001F4A0 /* Build configuration list for PBXNativeTarget "iOS-Weather-Clone" */;
			buildPhases = (
				3134C8A22BA92EAB0001F4A0 /* Sources */,
				3134C8A32BA92EAB0001F4A0 /* Frameworks */,
				3134C8A42BA92EAB0001F4A0 /* Resources */,
			);
			buildRules = (
			);
			dependencies = (
			);
			name = "iOS-Weather-Clone";
			productName = "iOS-Weather-Clone";
			productReference = 3134C8A62BA92EAB0001F4A0 /* iOS-Weather-Clone.app */;
			productType = "com.apple.product-type.application";
		};
		3134C8B52BA92EAC0001F4A0 /* iOS-Weather-CloneTests */ = {
			isa = PBXNativeTarget;
			buildConfigurationList = 3134C8CD2BA92EAC0001F4A0 /* Build configuration list for PBXNativeTarget "iOS-Weather-CloneTests" */;
			buildPhases = (
				3134C8B22BA92EAC0001F4A0 /* Sources */,
				3134C8B32BA92EAC0001F4A0 /* Frameworks */,
				3134C8B42BA92EAC0001F4A0 /* Resources */,
			);
			buildRules = (
			);
			dependencies = (
				3134C8B82BA92EAC0001F4A0 /* PBXTargetDependency */,
			);
			name = "iOS-Weather-CloneTests";
			productName = "iOS-Weather-CloneTests";
			productReference = 3134C8B62BA92EAC0001F4A0 /* iOS-Weather-CloneTests.xctest */;
			productType = "com.apple.product-type.bundle.unit-test";
		};
		3134C8BF2BA92EAC0001F4A0 /* iOS-Weather-CloneUITests */ = {
			isa = PBXNativeTarget;
			buildConfigurationList = 3134C8D02BA92EAC0001F4A0 /* Build configuration list for PBXNativeTarget "iOS-Weather-CloneUITests" */;
			buildPhases = (
				3134C8BC2BA92EAC0001F4A0 /* Sources */,
				3134C8BD2BA92EAC0001F4A0 /* Frameworks */,
				3134C8BE2BA92EAC0001F4A0 /* Resources */,
			);
			buildRules = (
			);
			dependencies = (
				3134C8C22BA92EAC0001F4A0 /* PBXTargetDependency */,
			);
			name = "iOS-Weather-CloneUITests";
			productName = "iOS-Weather-CloneUITests";
			productReference = 3134C8C02BA92EAC0001F4A0 /* iOS-Weather-CloneUITests.xctest */;
			productType = "com.apple.product-type.bundle.ui-testing";
		};
/* End PBXNativeTarget section */

/* Begin PBXProject section */
		3134C89E2BA92EAB0001F4A0 /* Project object */ = {
			isa = PBXProject;
			attributes = {
				BuildIndependentTargetsInParallel = 1;
				LastSwiftUpdateCheck = 1530;
				LastUpgradeCheck = 1530;
				TargetAttributes = {
					3134C8A52BA92EAB0001F4A0 = {
						CreatedOnToolsVersion = 15.3;
					};
					3134C8B52BA92EAC0001F4A0 = {
						CreatedOnToolsVersion = 15.3;
						TestTargetID = 3134C8A52BA92EAB0001F4A0;
					};
					3134C8BF2BA92EAC0001F4A0 = {
						CreatedOnToolsVersion = 15.3;
						TestTargetID = 3134C8A52BA92EAB0001F4A0;
					};
				};
			};
			buildConfigurationList = 3134C8A12BA92EAB0001F4A0 /* Build configuration list for PBXProject "iOS-Weather-Clone" */;
			compatibilityVersion = "Xcode 14.0";
			developmentRegion = en;
			hasScannedForEncodings = 0;
			knownRegions = (
				en,
				Base,
			);
			mainGroup = 3134C89D2BA92EAB0001F4A0;
			productRefGroup = 3134C8A72BA92EAB0001F4A0 /* Products */;
			projectDirPath = "";
			projectRoot = "";
			targets = (
				3134C8A52BA92EAB0001F4A0 /* iOS-Weather-Clone */,
				3134C8B52BA92EAC0001F4A0 /* iOS-Weather-CloneTests */,
				3134C8BF2BA92EAC0001F4A0 /* iOS-Weather-CloneUITests */,
			);
		};
/* End PBXProject section */

/* Begin PBXResourcesBuildPhase section */
		3134C8A42BA92EAB0001F4A0 /* Resources */ = {
			isa = PBXResourcesBuildPhase;
			buildActionMask = 2147483647;
			files = (
				3134C8B12BA92EAC0001F4A0 /* Preview Assets.xcassets in Resources */,
				3134C8AE2BA92EAC0001F4A0 /* Assets.xcassets in Resources */,
			);
			runOnlyForDeploymentPostprocessing = 0;
		};
		3134C8B42BA92EAC0001F4A0 /* Resources */ = {
			isa = PBXResourcesBuildPhase;
			buildActionMask = 2147483647;
			files = (
			);
			runOnlyForDeploymentPostprocessing = 0;
		};
		3134C8BE2BA92EAC0001F4A0 /* Resources */ = {
			isa = PBXResourcesBuildPhase;
			buildActionMask = 2147483647;
			files = (
			);
			runOnlyForDeploymentPostprocessing = 0;
		};
/* End PBXResourcesBuildPhase section */

/* Begin PBXSourcesBuildPhase section */
		3134C8A22BA92EAB0001F4A0 /* Sources */ = {
			isa = PBXSourcesBuildPhase;
			buildActionMask = 2147483647;
			files = (
				3134C8AC2BA92EAB0001F4A0 /* ContentView.swift in Sources */,
				3134C8AA2BA92EAB0001F4A0 /* iOS_Weather_CloneApp.swift in Sources */,
			);
			runOnlyForDeploymentPostprocessing = 0;
		};
		3134C8B22BA92EAC0001F4A0 /* Sources */ = {
			isa = PBXSourcesBuildPhase;
			buildActionMask = 2147483647;
			files = (
				3134C8BB2BA92EAC0001F4A0 /* iOS_Weather_CloneTests.swift in Sources */,
			);
			runOnlyForDeploymentPostprocessing = 0;
		};
		3134C8BC2BA92EAC0001F4A0 /* Sources */ = {
			isa = PBXSourcesBuildPhase;
			buildActionMask = 2147483647;
			files = (
				3134C8C52BA92EAC0001F4A0 /* iOS_Weather_CloneUITests.swift in Sources */,
				3134C8C72BA92EAC0001F4A0 /* iOS_Weather_CloneUITestsLaunchTests.swift in Sources */,
			);
			runOnlyForDeploymentPostprocessing = 0;
		};
/* End PBXSourcesBuildPhase section */

/* Begin PBXTargetDependency section */
		3134C8B82BA92EAC0001F4A0 /* PBXTargetDependency */ = {
			isa = PBXTargetDependency;
			target = 3134C8A52BA92EAB0001F4A0 /* iOS-Weather-Clone */;
			targetProxy = 3134C8B72BA92EAC0001F4A0 /* PBXContainerItemProxy */;
		};
		3134C8C22BA92EAC0001F4A0 /* PBXTargetDependency */ = {
			isa = PBXTargetDependency;
			target = 3134C8A52BA92EAB0001F4A0 /* iOS-Weather-Clone */;
			targetProxy = 3134C8C12BA92EAC0001F4A0 /* PBXContainerItemProxy */;
		};
/* End PBXTargetDependency section */

/* Begin XCBuildConfiguration section */
		3134C8C82BA92EAC0001F4A0 /* Debug */ = {
			isa = XCBuildConfiguration;
			buildSettings = {
				ALWAYS_SEARCH_USER_PATHS = NO;
				ASSETCATALOG_COMPILER_GENERATE_SWIFT_ASSET_SYMBOL_EXTENSIONS = YES;
				CLANG_ANALYZER_NONNULL = YES;
				CLANG_ANALYZER_NUMBER_OBJECT_CONVERSION = YES_AGGRESSIVE;
				CLANG_CXX_LANGUAGE_STANDARD = "gnu++20";
				CLANG_ENABLE_MODULES = YES;
				CLANG_ENABLE_OBJC_ARC = YES;
				CLANG_ENABLE_OBJC_WEAK = YES;
				CLANG_WARN_BLOCK_CAPTURE_AUTORELEASING = YES;
				CLANG_WARN_BOOL_CONVERSION = YES;
				CLANG_WARN_COMMA = YES;
				CLANG_WARN_CONSTANT_CONVERSION = YES;
				CLANG_WARN_DEPRECATED_OBJC_IMPLEMENTATIONS = YES;
				CLANG_WARN_DIRECT_OBJC_ISA_USAGE = YES_ERROR;
				CLANG_WARN_DOCUMENTATION_COMMENTS = YES;
				CLANG_WARN_EMPTY_BODY = YES;
				CLANG_WARN_ENUM_CONVERSION = YES;
				CLANG_WARN_INFINITE_RECURSION = YES;
				CLANG_WARN_INT_CONVERSION = YES;
				CLANG_WARN_NON_LITERAL_NULL_CONVERSION = YES;
				CLANG_WARN_OBJC_IMPLICIT_RETAIN_SELF = YES;
				CLANG_WARN_OBJC_LITERAL_CONVERSION = YES;
				CLANG_WARN_OBJC_ROOT_CLASS = YES_ERROR;
				CLANG_WARN_QUOTED_INCLUDE_IN_FRAMEWORK_HEADER = YES;
				CLANG_WARN_RANGE_LOOP_ANALYSIS = YES;
				CLANG_WARN_STRICT_PROTOTYPES = YES;
				CLANG_WARN_SUSPICIOUS_MOVE = YES;
				CLANG_WARN_UNGUARDED_AVAILABILITY = YES_AGGRESSIVE;
				CLANG_WARN_UNREACHABLE_CODE = YES;
				CLANG_WARN__DUPLICATE_METHOD_MATCH = YES;
				COPY_PHASE_STRIP = NO;
				DEBUG_INFORMATION_FORMAT = dwarf;
				ENABLE_STRICT_OBJC_MSGSEND = YES;
				ENABLE_TESTABILITY = YES;
				ENABLE_USER_SCRIPT_SANDBOXING = YES;
				GCC_C_LANGUAGE_STANDARD = gnu17;
				GCC_DYNAMIC_NO_PIC = NO;
				GCC_NO_COMMON_BLOCKS = YES;
				GCC_OPTIMIZATION_LEVEL = 0;
				GCC_PREPROCESSOR_DEFINITIONS = (
					"DEBUG=1",
					"$(inherited)",
				);
				GCC_WARN_64_TO_32_BIT_CONVERSION = YES;
				GCC_WARN_ABOUT_RETURN_TYPE = YES_ERROR;
				GCC_WARN_UNDECLARED_SELECTOR = YES;
				GCC_WARN_UNINITIALIZED_AUTOS = YES_AGGRESSIVE;
				GCC_WARN_UNUSED_FUNCTION = YES;
				GCC_WARN_UNUSED_VARIABLE = YES;
				IPHONEOS_DEPLOYMENT_TARGET = 17.4;
				LOCALIZATION_PREFERS_STRING_CATALOGS = YES;
				MTL_ENABLE_DEBUG_INFO = INCLUDE_SOURCE;
				MTL_FAST_MATH = YES;
				ONLY_ACTIVE_ARCH = YES;
				SDKROOT = iphoneos;
				SWIFT_ACTIVE_COMPILATION_CONDITIONS = "DEBUG $(inherited)";
				SWIFT_OPTIMIZATION_LEVEL = "-Onone";
			};
			name = Debug;
		};
		3134C8C92BA92EAC0001F4A0 /* Release */ = {
			isa = XCBuildConfiguration;
			buildSettings = {
				ALWAYS_SEARCH_USER_PATHS = NO;
				ASSETCATALOG_COMPILER_GENERATE_SWIFT_ASSET_SYMBOL_EXTENSIONS = YES;
				CLANG_ANALYZER_NONNULL = YES;
				CLANG_ANALYZER_NUMBER_OBJECT_CONVERSION = YES_AGGRESSIVE;
				CLANG_CXX_LANGUAGE_STANDARD = "gnu++20";
				CLANG_ENABLE_MODULES = YES;
				CLANG_ENABLE_OBJC_ARC = YES;
				CLANG_ENABLE_OBJC_WEAK = YES;
				CLANG_WARN_BLOCK_CAPTURE_AUTORELEASING = YES;
				CLANG_WARN_BOOL_CONVERSION = YES;
				CLANG_WARN_COMMA = YES;
				CLANG_WARN_CONSTANT_CONVERSION = YES;
				CLANG_WARN_DEPRECATED_OBJC_IMPLEMENTATIONS = YES;
				CLANG_WARN_DIRECT_OBJC_ISA_USAGE = YES_ERROR;
				CLANG_WARN_DOCUMENTATION_COMMENTS = YES;
				CLANG_WARN_EMPTY_BODY = YES;
				CLANG_WARN_ENUM_CONVERSION = YES;
				CLANG_WARN_INFINITE_RECURSION = YES;
				CLANG_WARN_INT_CONVERSION = YES;
				CLANG_WARN_NON_LITERAL_NULL_CONVERSION = YES;
				CLANG_WARN_OBJC_IMPLICIT_RETAIN_SELF = YES;
				CLANG_WARN_OBJC_LITERAL_CONVERSION = YES;
				CLANG_WARN_OBJC_ROOT_CLASS = YES_ERROR;
				CLANG_WARN_QUOTED_INCLUDE_IN_FRAMEWORK_HEADER = YES;
				CLANG_WARN_RANGE_LOOP_ANALYSIS = YES;
				CLANG_WARN_STRICT_PROTOTYPES = YES;
				CLANG_WARN_SUSPICIOUS_MOVE = YES;
				CLANG_WARN_UNGUARDED_AVAILABILITY = YES_AGGRESSIVE;
				CLANG_WARN_UNREACHABLE_CODE = YES;
				CLANG_WARN__DUPLICATE_METHOD_MATCH = YES;
				COPY_PHASE_STRIP = NO;
				DEBUG_INFORMATION_FORMAT = "dwarf-with-dsym";
				ENABLE_NS_ASSERTIONS = NO;
				ENABLE_STRICT_OBJC_MSGSEND = YES;
				ENABLE_USER_SCRIPT_SANDBOXING = YES;
				GCC_C_LANGUAGE_STANDARD = gnu17;
				GCC_NO_COMMON_BLOCKS = YES;
				GCC_WARN_64_TO_32_BIT_CONVERSION = YES;
				GCC_WARN_ABOUT_RETURN_TYPE = YES_ERROR;
				GCC_WARN_UNDECLARED_SELECTOR = YES;
				GCC_WARN_UNINITIALIZED_AUTOS = YES_AGGRESSIVE;
				GCC_WARN_UNUSED_FUNCTION = YES;
				GCC_WARN_UNUSED_VARIABLE = YES;
				IPHONEOS_DEPLOYMENT_TARGET = 17.4;
				LOCALIZATION_PREFERS_STRING_CATALOGS = YES;
				MTL_ENABLE_DEBUG_INFO = NO;
				MTL_FAST_MATH = YES;
				SDKROOT = iphoneos;
				SWIFT_COMPILATION_MODE = wholemodule;
				VALIDATE_PRODUCT = YES;
			};
			name = Release;
		};
		3134C8CB2BA92EAC0001F4A0 /* Debug */ = {
			isa = XCBuildConfiguration;
			buildSettings = {
				ASSETCATALOG_COMPILER_APPICON_NAME = AppIcon;
				ASSETCATALOG_COMPILER_GLOBAL_ACCENT_COLOR_NAME = AccentColor;
				CODE_SIGN_STYLE = Automatic;
				CURRENT_PROJECT_VERSION = 1;
				DEVELOPMENT_ASSET_PATHS = "\"iOS-Weather-Clone/Preview Content\"";
				DEVELOPMENT_TEAM = J2K36WMF2P;
				ENABLE_PREVIEWS = YES;
				GENERATE_INFOPLIST_FILE = YES;
				INFOPLIST_KEY_UIApplicationSceneManifest_Generation = YES;
				INFOPLIST_KEY_UIApplicationSupportsIndirectInputEvents = YES;
				INFOPLIST_KEY_UILaunchScreen_Generation = YES;
				INFOPLIST_KEY_UISupportedInterfaceOrientations_iPad = "UIInterfaceOrientationPortrait UIInterfaceOrientationPortraitUpsideDown UIInterfaceOrientationLandscapeLeft UIInterfaceOrientationLandscapeRight";
				INFOPLIST_KEY_UISupportedInterfaceOrientations_iPhone = "UIInterfaceOrientationPortrait UIInterfaceOrientationLandscapeLeft UIInterfaceOrientationLandscapeRight";
				LD_RUNPATH_SEARCH_PATHS = (
					"$(inherited)",
					"@executable_path/Frameworks",
				);
				MARKETING_VERSION = 1.0;
				PRODUCT_BUNDLE_IDENTIFIER = "lpc-22.iOS-Weather-Clone";
				PRODUCT_NAME = "$(TARGET_NAME)";
				SWIFT_EMIT_LOC_STRINGS = YES;
				SWIFT_VERSION = 5.0;
				TARGETED_DEVICE_FAMILY = "1,2";
			};
			name = Debug;
		};
		3134C8CC2BA92EAC0001F4A0 /* Release */ = {
			isa = XCBuildConfiguration;
			buildSettings = {
				ASSETCATALOG_COMPILER_APPICON_NAME = AppIcon;
				ASSETCATALOG_COMPILER_GLOBAL_ACCENT_COLOR_NAME = AccentColor;
				CODE_SIGN_STYLE = Automatic;
				CURRENT_PROJECT_VERSION = 1;
				DEVELOPMENT_ASSET_PATHS = "\"iOS-Weather-Clone/Preview Content\"";
				DEVELOPMENT_TEAM = J2K36WMF2P;
				ENABLE_PREVIEWS = YES;
				GENERATE_INFOPLIST_FILE = YES;
				INFOPLIST_KEY_UIApplicationSceneManifest_Generation = YES;
				INFOPLIST_KEY_UIApplicationSupportsIndirectInputEvents = YES;
				INFOPLIST_KEY_UILaunchScreen_Generation = YES;
				INFOPLIST_KEY_UISupportedInterfaceOrientations_iPad = "UIInterfaceOrientationPortrait UIInterfaceOrientationPortraitUpsideDown UIInterfaceOrientationLandscapeLeft UIInterfaceOrientationLandscapeRight";
				INFOPLIST_KEY_UISupportedInterfaceOrientations_iPhone = "UIInterfaceOrientationPortrait UIInterfaceOrientationLandscapeLeft UIInterfaceOrientationLandscapeRight";
				LD_RUNPATH_SEARCH_PATHS = (
					"$(inherited)",
					"@executable_path/Frameworks",
				);
				MARKETING_VERSION = 1.0;
				PRODUCT_BUNDLE_IDENTIFIER = "lpc-22.iOS-Weather-Clone";
				PRODUCT_NAME = "$(TARGET_NAME)";
				SWIFT_EMIT_LOC_STRINGS = YES;
				SWIFT_VERSION = 5.0;
				TARGETED_DEVICE_FAMILY = "1,2";
			};
			name = Release;
		};
		3134C8CE2BA92EAC0001F4A0 /* Debug */ = {
			isa = XCBuildConfiguration;
			buildSettings = {
				ALWAYS_EMBED_SWIFT_STANDARD_LIBRARIES = YES;
				BUNDLE_LOADER = "$(TEST_HOST)";
				CODE_SIGN_STYLE = Automatic;
				CURRENT_PROJECT_VERSION = 1;
				DEVELOPMENT_TEAM = J2K36WMF2P;
				GENERATE_INFOPLIST_FILE = YES;
				IPHONEOS_DEPLOYMENT_TARGET = 17.4;
				MARKETING_VERSION = 1.0;
				PRODUCT_BUNDLE_IDENTIFIER = "lpc-22.iOS-Weather-CloneTests";
				PRODUCT_NAME = "$(TARGET_NAME)";
				SWIFT_EMIT_LOC_STRINGS = NO;
				SWIFT_VERSION = 5.0;
				TARGETED_DEVICE_FAMILY = "1,2";
				TEST_HOST = "$(BUILT_PRODUCTS_DIR)/iOS-Weather-Clone.app/$(BUNDLE_EXECUTABLE_FOLDER_PATH)/iOS-Weather-Clone";
			};
			name = Debug;
		};
		3134C8CF2BA92EAC0001F4A0 /* Release */ = {
			isa = XCBuildConfiguration;
			buildSettings = {
				ALWAYS_EMBED_SWIFT_STANDARD_LIBRARIES = YES;
				BUNDLE_LOADER = "$(TEST_HOST)";
				CODE_SIGN_STYLE = Automatic;
				CURRENT_PROJECT_VERSION = 1;
				DEVELOPMENT_TEAM = J2K36WMF2P;
				GENERATE_INFOPLIST_FILE = YES;
				IPHONEOS_DEPLOYMENT_TARGET = 17.4;
				MARKETING_VERSION = 1.0;
				PRODUCT_BUNDLE_IDENTIFIER = "lpc-22.iOS-Weather-CloneTests";
				PRODUCT_NAME = "$(TARGET_NAME)";
				SWIFT_EMIT_LOC_STRINGS = NO;
				SWIFT_VERSION = 5.0;
				TARGETED_DEVICE_FAMILY = "1,2";
				TEST_HOST = "$(BUILT_PRODUCTS_DIR)/iOS-Weather-Clone.app/$(BUNDLE_EXECUTABLE_FOLDER_PATH)/iOS-Weather-Clone";
			};
			name = Release;
		};
		3134C8D12BA92EAC0001F4A0 /* Debug */ = {
			isa = XCBuildConfiguration;
			buildSettings = {
				ALWAYS_EMBED_SWIFT_STANDARD_LIBRARIES = YES;
				CODE_SIGN_STYLE = Automatic;
				CURRENT_PROJECT_VERSION = 1;
				DEVELOPMENT_TEAM = J2K36WMF2P;
				GENERATE_INFOPLIST_FILE = YES;
				MARKETING_VERSION = 1.0;
				PRODUCT_BUNDLE_IDENTIFIER = "lpc-22.iOS-Weather-CloneUITests";
				PRODUCT_NAME = "$(TARGET_NAME)";
				SWIFT_EMIT_LOC_STRINGS = NO;
				SWIFT_VERSION = 5.0;
				TARGETED_DEVICE_FAMILY = "1,2";
				TEST_TARGET_NAME = "iOS-Weather-Clone";
			};
			name = Debug;
		};
		3134C8D22BA92EAC0001F4A0 /* Release */ = {
			isa = XCBuildConfiguration;
			buildSettings = {
				ALWAYS_EMBED_SWIFT_STANDARD_LIBRARIES = YES;
				CODE_SIGN_STYLE = Automatic;
				CURRENT_PROJECT_VERSION = 1;
				DEVELOPMENT_TEAM = J2K36WMF2P;
				GENERATE_INFOPLIST_FILE = YES;
				MARKETING_VERSION = 1.0;
				PRODUCT_BUNDLE_IDENTIFIER = "lpc-22.iOS-Weather-CloneUITests";
				PRODUCT_NAME = "$(TARGET_NAME)";
				SWIFT_EMIT_LOC_STRINGS = NO;
				SWIFT_VERSION = 5.0;
				TARGETED_DEVICE_FAMILY = "1,2";
				TEST_TARGET_NAME = "iOS-Weather-Clone";
			};
			name = Release;
		};
/* End XCBuildConfiguration section */

/* Begin XCConfigurationList section */
		3134C8A12BA92EAB0001F4A0 /* Build configuration list for PBXProject "iOS-Weather-Clone" */ = {
			isa = XCConfigurationList;
			buildConfigurations = (
				3134C8C82BA92EAC0001F4A0 /* Debug */,
				3134C8C92BA92EAC0001F4A0 /* Release */,
			);
			defaultConfigurationIsVisible = 0;
			defaultConfigurationName = Release;
		};
		3134C8CA2BA92EAC0001F4A0 /* Build configuration list for PBXNativeTarget "iOS-Weather-Clone" */ = {
			isa = XCConfigurationList;
			buildConfigurations = (
				3134C8CB2BA92EAC0001F4A0 /* Debug */,
				3134C8CC2BA92EAC0001F4A0 /* Release */,
			);
			defaultConfigurationIsVisible = 0;
			defaultConfigurationName = Release;
		};
		3134C8CD2BA92EAC0001F4A0 /* Build configuration list for PBXNativeTarget "iOS-Weather-CloneTests" */ = {
			isa = XCConfigurationList;
			buildConfigurations = (
				3134C8CE2BA92EAC0001F4A0 /* Debug */,
				3134C8CF2BA92EAC0001F4A0 /* Release */,
			);
			defaultConfigurationIsVisible = 0;
			defaultConfigurationName = Release;
		};
		3134C8D02BA92EAC0001F4A0 /* Build configuration list for PBXNativeTarget "iOS-Weather-CloneUITests" */ = {
			isa = XCConfigurationList;
			buildConfigurations = (
				3134C8D12BA92EAC0001F4A0 /* Debug */,
				3134C8D22BA92EAC0001F4A0 /* Release */,
			);
			defaultConfigurationIsVisible = 0;
			defaultConfigurationName = Release;
		};
/* End XCConfigurationList section */
	};
	rootObject = 3134C89E2BA92EAB0001F4A0 /* Project object */;
}
